<Solution><Folder Name="/src/"><Project Path="src/Domain/FinanceInzicht.Domain.csproj"/><Project Path="src/Application/FinanceInzicht.Application.csproj"/><Project Path="src/Infrastructure/FinanceInzicht.Infrastructure.csproj"/><Project Path="src/Camt/FinanceInzicht.Camt.csproj"/><Project Path="src/Api/FinanceInzicht.Api.csproj"/><Project Path="src/Worker/FinanceInzicht.Worker.csproj"/></Folder><Folder Name="/tests/"><Project Path="tests/UnitTests/FinanceInzicht.UnitTests.csproj"/></Folder></Solution>
