<Solution><Folder Name="/src/"><Project Path="src/Domain/Oikonomis.Domain.csproj"/><Project Path="src/Application/Oikonomis.Application.csproj"/><Project Path="src/Infrastructure/Oikonomis.Infrastructure.csproj"/><Project Path="src/Camt/Oikonomis.Camt.csproj"/><Project Path="src/Api/Oikonomis.Api.csproj"/><Project Path="src/Worker/Oikonomis.Worker.csproj"/></Folder><Folder Name="/tests/"><Project Path="tests/UnitTests/Oikonomis.UnitTests.csproj"/></Folder></Solution>
